
Microsoft Visual Studio Solution File, Format Version 12.00
# Visual Studio 2013
VisualStudioVersion = 12.0.31101.0
MinimumVisualStudioVersion = 10.0.40219.1
Project("{FAE04EC0-301F-11D3-BF4B-00C04F79EFBC}") = "Couchbase.Data", "Couchbase.Data\Couchbase.Data.csproj", "{2EDA3E96-AF7C-4BD7-A929-711A06FF8A43}"
EndProject
Project("{FAE04EC0-301F-11D3-BF4B-00C04F79EFBC}") = "Couchbase.Data.Tests", "Couchbase.Data.Tests\Couchbase.Data.Tests.csproj", "{23B05C0E-089A-43D8-973B-0A8031965C95}"
EndProject
Project("{FAE04EC0-301F-11D3-BF4B-00C04F79EFBC}") = "Couchbase.Data.Example", "Couchbase.Data.Example\Couchbase.Data.Example.csproj", "{71510135-551C-4F8C-9332-15CF1C1C30AC}"
EndProject
Project("{FAE04EC0-301F-11D3-BF4B-00C04F79EFBC}") = "Couchbase.Data.Example.Tests", "Couchbase.Data.Example.Tests\Couchbase.Data.Example.Tests.csproj", "{0139B304-E5A8-44AA-94C1-254485D50709}"
EndProject
Project("{FAE04EC0-301F-11D3-BF4B-00C04F79EFBC}") = "Couchbase.Data.ExampleRepository.Tests", "Couchbase.Data.ExampleRepository.Tests\Couchbase.Data.ExampleRepository.Tests.csproj", "{427FEB2A-9FB6-4EF3-A745-A7929932897C}"
EndProject
Project("{FAE04EC0-301F-11D3-BF4B-00C04F79EFBC}") = "Couchbase.Data.RepositoryExample", "Couchbase.Data.RepositoryExample\Couchbase.Data.RepositoryExample.csproj", "{EDFC397F-E73E-4D45-8DB8-096DEC33C0AB}"
EndProject
Global
	GlobalSection(SolutionConfigurationPlatforms) = preSolution
		Debug|Any CPU = Debug|Any CPU
		Release|Any CPU = Release|Any CPU
	EndGlobalSection
	GlobalSection(ProjectConfigurationPlatforms) = postSolution
		{2EDA3E96-AF7C-4BD7-A929-711A06FF8A43}.Debug|Any CPU.ActiveCfg = Debug|Any CPU
		{2EDA3E96-AF7C-4BD7-A929-711A06FF8A43}.Debug|Any CPU.Build.0 = Debug|Any CPU
		{2EDA3E96-AF7C-4BD7-A929-711A06FF8A43}.Release|Any CPU.ActiveCfg = Release|Any CPU
		{2EDA3E96-AF7C-4BD7-A929-711A06FF8A43}.Release|Any CPU.Build.0 = Release|Any CPU
		{23B05C0E-089A-43D8-973B-0A8031965C95}.Debug|Any CPU.ActiveCfg = Debug|Any CPU
		{23B05C0E-089A-43D8-973B-0A8031965C95}.Debug|Any CPU.Build.0 = Debug|Any CPU
		{23B05C0E-089A-43D8-973B-0A8031965C95}.Release|Any CPU.ActiveCfg = Release|Any CPU
		{23B05C0E-089A-43D8-973B-0A8031965C95}.Release|Any CPU.Build.0 = Release|Any CPU
		{71510135-551C-4F8C-9332-15CF1C1C30AC}.Debug|Any CPU.ActiveCfg = Debug|Any CPU
		{71510135-551C-4F8C-9332-15CF1C1C30AC}.Debug|Any CPU.Build.0 = Debug|Any CPU
		{71510135-551C-4F8C-9332-15CF1C1C30AC}.Release|Any CPU.ActiveCfg = Release|Any CPU
		{71510135-551C-4F8C-9332-15CF1C1C30AC}.Release|Any CPU.Build.0 = Release|Any CPU
		{0139B304-E5A8-44AA-94C1-254485D50709}.Debug|Any CPU.ActiveCfg = Debug|Any CPU
		{0139B304-E5A8-44AA-94C1-254485D50709}.Debug|Any CPU.Build.0 = Debug|Any CPU
		{0139B304-E5A8-44AA-94C1-254485D50709}.Release|Any CPU.ActiveCfg = Release|Any CPU
		{0139B304-E5A8-44AA-94C1-254485D50709}.Release|Any CPU.Build.0 = Release|Any CPU
		{427FEB2A-9FB6-4EF3-A745-A7929932897C}.Debug|Any CPU.ActiveCfg = Debug|Any CPU
		{427FEB2A-9FB6-4EF3-A745-A7929932897C}.Debug|Any CPU.Build.0 = Debug|Any CPU
		{427FEB2A-9FB6-4EF3-A745-A7929932897C}.Release|Any CPU.ActiveCfg = Release|Any CPU
		{427FEB2A-9FB6-4EF3-A745-A7929932897C}.Release|Any CPU.Build.0 = Release|Any CPU
		{EDFC397F-E73E-4D45-8DB8-096DEC33C0AB}.Debug|Any CPU.ActiveCfg = Debug|Any CPU
		{EDFC397F-E73E-4D45-8DB8-096DEC33C0AB}.Debug|Any CPU.Build.0 = Debug|Any CPU
		{EDFC397F-E73E-4D45-8DB8-096DEC33C0AB}.Release|Any CPU.ActiveCfg = Release|Any CPU
		{EDFC397F-E73E-4D45-8DB8-096DEC33C0AB}.Release|Any CPU.Build.0 = Release|Any CPU
	EndGlobalSection
	GlobalSection(SolutionProperties) = preSolution
		HideSolutionNode = FALSE
	EndGlobalSection
EndGlobal
